
Microsoft Visual Studio Solution File, Format Version 12.00
# Visual Studio Version 16
VisualStudioVersion = 16.0.31112.23
MinimumVisualStudioVersion = 10.0.40219.1
Project("{FAE04EC0-301F-11D3-BF4B-00C04F79EFBC}") = "odata", "odata.csproj", "{514CA4FC-8A2F-4E7E-B9D8-2CA1B33B447A}"
EndProject
Global
	GlobalSection(SolutionConfigurationPlatforms) = preSolution
		Debug|Any CPU = Debug|Any CPU
		Release|Any CPU = Release|Any CPU
	EndGlobalSection
	GlobalSection(ProjectConfigurationPlatforms) = postSolution
		{514CA4FC-8A2F-4E7E-B9D8-2CA1B33B447A}.Debug|Any CPU.ActiveCfg = Debug|Any CPU
		{514CA4FC-8A2F-4E7E-B9D8-2CA1B33B447A}.Debug|Any CPU.Build.0 = Debug|Any CPU
		{514CA4FC-8A2F-4E7E-B9D8-2CA1B33B447A}.Release|Any CPU.ActiveCfg = Release|Any CPU
		{514CA4FC-8A2F-4E7E-B9D8-2CA1B33B447A}.Release|Any CPU.Build.0 = Release|Any CPU
	EndGlobalSection
	GlobalSection(SolutionProperties) = preSolution
		HideSolutionNode = FALSE
	EndGlobalSection
	GlobalSection(ExtensibilityGlobals) = postSolution
		SolutionGuid = {2C78D698-0B86-4DCC-A841-B19955944FD2}
	EndGlobalSection
EndGlobal
